// !$*UTF8*$!
{
	archiveVersion = 1;
	classes = {
	};
	objectVersion = 56;
	objects = {

/* Begin PBXBuildFile section */
		C32E463D2AE95C7A00F41B93 /* AppDelegate.swift in Sources */ = {isa = PBXBuildFile; fileRef = C32E463C2AE95C7A00F41B93 /* AppDelegate.swift */; };
		C32E463F2AE95C7A00F41B93 /* SceneDelegate.swift in Sources */ = {isa = PBXBuildFile; fileRef = C32E463E2AE95C7A00F41B93 /* SceneDelegate.swift */; };
		C32E46412AE95C7A00F41B93 /* ViewController.swift in Sources */ = {isa = PBXBuildFile; fileRef = C32E46402AE95C7A00F41B93 /* ViewController.swift */; };
		C32E46442AE95C7A00F41B93 /* Main.storyboard in Resources */ = {isa = PBXBuildFile; fileRef = C32E46422AE95C7A00F41B93 /* Main.storyboard */; };
		C32E46462AE95C7C00F41B93 /* Assets.xcassets in Resources */ = {isa = PBXBuildFile; fileRef = C32E46452AE95C7C00F41B93 /* Assets.xcassets */; };
		C32E46492AE95C7C00F41B93 /* LaunchScreen.storyboard in Resources */ = {isa = PBXBuildFile; fileRef = C32E46472AE95C7C00F41B93 /* LaunchScreen.storyboard */; };
		C32E46512AE95DC300F41B93 /* ApiController.swift in Sources */ = {isa = PBXBuildFile; fileRef = C32E46502AE95DC300F41B93 /* ApiController.swift */; };
		C32E46532AE95E1700F41B93 /* Result Modals.swift in Sources */ = {isa = PBXBuildFile; fileRef = C32E46522AE95E1700F41B93 /* Result Modals.swift */; };
		C32E46552AE95E9600F41B93 /* Dog.swift in Sources */ = {isa = PBXBuildFile; fileRef = C32E46542AE95E9600F41B93 /* Dog.swift */; };
		C32E46572AE9630100F41B93 /* RepTableViewController.swift in Sources */ = {isa = PBXBuildFile; fileRef = C32E46562AE9630100F41B93 /* RepTableViewController.swift */; };
		C32E46592AE9650A00F41B93 /* Rep.swift in Sources */ = {isa = PBXBuildFile; fileRef = C32E46582AE9650A00F41B93 /* Rep.swift */; };
		C32E465D2AE96DBA00F41B93 /* Prize.swift in Sources */ = {isa = PBXBuildFile; fileRef = C32E465C2AE96DBA00F41B93 /* Prize.swift */; };
		C32E465F2AE96DF400F41B93 /* Person.swift in Sources */ = {isa = PBXBuildFile; fileRef = C32E465E2AE96DF400F41B93 /* Person.swift */; };
		C32E46612AE96FDC00F41B93 /* PrizeTableViewController.swift in Sources */ = {isa = PBXBuildFile; fileRef = C32E46602AE96FDC00F41B93 /* PrizeTableViewController.swift */; };
		C32E46632AE9705600F41B93 /* PersonTableViewController.swift in Sources */ = {isa = PBXBuildFile; fileRef = C32E46622AE9705600F41B93 /* PersonTableViewController.swift */; };
/* End PBXBuildFile section */

/* Begin PBXFileReference section */
		C32E46392AE95C7A00F41B93 /* APIproject.app */ = {isa = PBXFileReference; explicitFileType = wrapper.application; includeInIndex = 0; path = APIproject.app; sourceTree = BUILT_PRODUCTS_DIR; };
		C32E463C2AE95C7A00F41B93 /* AppDelegate.swift */ = {isa = PBXFileReference; lastKnownFileType = sourcecode.swift; path = AppDelegate.swift; sourceTree = "<group>"; };
		C32E463E2AE95C7A00F41B93 /* SceneDelegate.swift */ = {isa = PBXFileReference; lastKnownFileType = sourcecode.swift; path = SceneDelegate.swift; sourceTree = "<group>"; };
		C32E46402AE95C7A00F41B93 /* ViewController.swift */ = {isa = PBXFileReference; lastKnownFileType = sourcecode.swift; path = ViewController.swift; sourceTree = "<group>"; };
		C32E46432AE95C7A00F41B93 /* Base */ = {isa = PBXFileReference; lastKnownFileType = file.storyboard; name = Base; path = Base.lproj/Main.storyboard; sourceTree = "<group>"; };
		C32E46452AE95C7C00F41B93 /* Assets.xcassets */ = {isa = PBXFileReference; lastKnownFileType = folder.assetcatalog; path = Assets.xcassets; sourceTree = "<group>"; };
		C32E46482AE95C7C00F41B93 /* Base */ = {isa = PBXFileReference; lastKnownFileType = file.storyboard; name = Base; path = Base.lproj/LaunchScreen.storyboard; sourceTree = "<group>"; };
		C32E464A2AE95C7C00F41B93 /* Info.plist */ = {isa = PBXFileReference; lastKnownFileType = text.plist.xml; path = Info.plist; sourceTree = "<group>"; };
		C32E46502AE95DC300F41B93 /* ApiController.swift */ = {isa = PBXFileReference; lastKnownFileType = sourcecode.swift; path = ApiController.swift; sourceTree = "<group>"; };
		C32E46522AE95E1700F41B93 /* Result Modals.swift */ = {isa = PBXFileReference; lastKnownFileType = sourcecode.swift; path = "Result Modals.swift"; sourceTree = "<group>"; };
		C32E46542AE95E9600F41B93 /* Dog.swift */ = {isa = PBXFileReference; lastKnownFileType = sourcecode.swift; path = Dog.swift; sourceTree = "<group>"; };
		C32E46562AE9630100F41B93 /* RepTableViewController.swift */ = {isa = PBXFileReference; lastKnownFileType = sourcecode.swift; path = RepTableViewController.swift; sourceTree = "<group>"; };
		C32E46582AE9650A00F41B93 /* Rep.swift */ = {isa = PBXFileReference; lastKnownFileType = sourcecode.swift; path = Rep.swift; sourceTree = "<group>"; };
		C32E465C2AE96DBA00F41B93 /* Prize.swift */ = {isa = PBXFileReference; lastKnownFileType = sourcecode.swift; path = Prize.swift; sourceTree = "<group>"; };
		C32E465E2AE96DF400F41B93 /* Person.swift */ = {isa = PBXFileReference; lastKnownFileType = sourcecode.swift; path = Person.swift; sourceTree = "<group>"; };
		C32E46602AE96FDC00F41B93 /* PrizeTableViewController.swift */ = {isa = PBXFileReference; lastKnownFileType = sourcecode.swift; path = PrizeTableViewController.swift; sourceTree = "<group>"; };
		C32E46622AE9705600F41B93 /* PersonTableViewController.swift */ = {isa = PBXFileReference; lastKnownFileType = sourcecode.swift; path = PersonTableViewController.swift; sourceTree = "<group>"; };
/* End PBXFileReference section */

/* Begin PBXFrameworksBuildPhase section */
		C32E46362AE95C7A00F41B93 /* Frameworks */ = {
			isa = PBXFrameworksBuildPhase;
			buildActionMask = 2147483647;
			files = (
			);
			runOnlyForDeploymentPostprocessing = 0;
		};
/* End PBXFrameworksBuildPhase section */

/* Begin PBXGroup section */
		C32E46302AE95C7A00F41B93 = {
			isa = PBXGroup;
			children = (
				C32E463B2AE95C7A00F41B93 /* APIproject */,
				C32E463A2AE95C7A00F41B93 /* Products */,
			);
			sourceTree = "<group>";
		};
		C32E463A2AE95C7A00F41B93 /* Products */ = {
			isa = PBXGroup;
			children = (
				C32E46392AE95C7A00F41B93 /* APIproject.app */,
			);
			name = Products;
			sourceTree = "<group>";
		};
		C32E463B2AE95C7A00F41B93 /* APIproject */ = {
			isa = PBXGroup;
			children = (
				C32E463C2AE95C7A00F41B93 /* AppDelegate.swift */,
				C32E463E2AE95C7A00F41B93 /* SceneDelegate.swift */,
				C32E46562AE9630100F41B93 /* RepTableViewController.swift */,
				C32E46582AE9650A00F41B93 /* Rep.swift */,
				C32E46402AE95C7A00F41B93 /* ViewController.swift */,
				C32E46502AE95DC300F41B93 /* ApiController.swift */,
				C32E46602AE96FDC00F41B93 /* PrizeTableViewController.swift */,
				C32E465C2AE96DBA00F41B93 /* Prize.swift */,
				C32E465E2AE96DF400F41B93 /* Person.swift */,
				C32E46522AE95E1700F41B93 /* Result Modals.swift */,
				C32E46542AE95E9600F41B93 /* Dog.swift */,
				C32E46422AE95C7A00F41B93 /* Main.storyboard */,
				C32E46622AE9705600F41B93 /* PersonTableViewController.swift */,
				C32E46452AE95C7C00F41B93 /* Assets.xcassets */,
				C32E46472AE95C7C00F41B93 /* LaunchScreen.storyboard */,
				C32E464A2AE95C7C00F41B93 /* Info.plist */,
			);
			path = APIproject;
			sourceTree = "<group>";
		};
/* End PBXGroup section */

/* Begin PBXNativeTarget section */
		C32E46382AE95C7A00F41B93 /* APIproject */ = {
			isa = PBXNativeTarget;
			buildConfigurationList = C32E464D2AE95C7C00F41B93 /* Build configuration list for PBXNativeTarget "APIproject" */;
			buildPhases = (
				C32E46352AE95C7A00F41B93 /* Sources */,
				C32E46362AE95C7A00F41B93 /* Frameworks */,
				C32E46372AE95C7A00F41B93 /* Resources */,
			);
			buildRules = (
			);
			dependencies = (
			);
			name = APIproject;
			productName = APIproject;
			productReference = C32E46392AE95C7A00F41B93 /* APIproject.app */;
			productType = "com.apple.product-type.application";
		};
/* End PBXNativeTarget section */

/* Begin PBXProject section */
		C32E46312AE95C7A00F41B93 /* Project object */ = {
			isa = PBXProject;
			attributes = {
				BuildIndependentTargetsInParallel = 1;
				LastSwiftUpdateCheck = 1430;
				LastUpgradeCheck = 1430;
				TargetAttributes = {
					C32E46382AE95C7A00F41B93 = {
						CreatedOnToolsVersion = 14.3.1;
					};
				};
			};
			buildConfigurationList = C32E46342AE95C7A00F41B93 /* Build configuration list for PBXProject "APIproject" */;
			compatibilityVersion = "Xcode 14.0";
			developmentRegion = en;
			hasScannedForEncodings = 0;
			knownRegions = (
				en,
				Base,
			);
			mainGroup = C32E46302AE95C7A00F41B93;
			productRefGroup = C32E463A2AE95C7A00F41B93 /* Products */;
			projectDirPath = "";
			projectRoot = "";
			targets = (
				C32E46382AE95C7A00F41B93 /* APIproject */,
			);
		};
/* End PBXProject section */

/* Begin PBXResourcesBuildPhase section */
		C32E46372AE95C7A00F41B93 /* Resources */ = {
			isa = PBXResourcesBuildPhase;
			buildActionMask = 2147483647;
			files = (
				C32E46492AE95C7C00F41B93 /* LaunchScreen.storyboard in Resources */,
				C32E46462AE95C7C00F41B93 /* Assets.xcassets in Resources */,
				C32E46442AE95C7A00F41B93 /* Main.storyboard in Resources */,
			);
			runOnlyForDeploymentPostprocessing = 0;
		};
/* End PBXResourcesBuildPhase section */

/* Begin PBXSourcesBuildPhase section */
		C32E46352AE95C7A00F41B93 /* Sources */ = {
			isa = PBXSourcesBuildPhase;
			buildActionMask = 2147483647;
			files = (
				C32E465F2AE96DF400F41B93 /* Person.swift in Sources */,
				C32E465D2AE96DBA00F41B93 /* Prize.swift in Sources */,
				C32E46512AE95DC300F41B93 /* ApiController.swift in Sources */,
				C32E46412AE95C7A00F41B93 /* ViewController.swift in Sources */,
				C32E46552AE95E9600F41B93 /* Dog.swift in Sources */,
				C32E46592AE9650A00F41B93 /* Rep.swift in Sources */,
				C32E463D2AE95C7A00F41B93 /* AppDelegate.swift in Sources */,
				C32E46612AE96FDC00F41B93 /* PrizeTableViewController.swift in Sources */,
				C32E46632AE9705600F41B93 /* PersonTableViewController.swift in Sources */,
				C32E46572AE9630100F41B93 /* RepTableViewController.swift in Sources */,
				C32E46532AE95E1700F41B93 /* Result Modals.swift in Sources */,
				C32E463F2AE95C7A00F41B93 /* SceneDelegate.swift in Sources */,
			);
			runOnlyForDeploymentPostprocessing = 0;
		};
/* End PBXSourcesBuildPhase section */

/* Begin PBXVariantGroup section */
		C32E46422AE95C7A00F41B93 /* Main.storyboard */ = {
			isa = PBXVariantGroup;
			children = (
				C32E46432AE95C7A00F41B93 /* Base */,
			);
			name = Main.storyboard;
			sourceTree = "<group>";
		};
		C32E46472AE95C7C00F41B93 /* LaunchScreen.storyboard */ = {
			isa = PBXVariantGroup;
			children = (
				C32E46482AE95C7C00F41B93 /* Base */,
			);
			name = LaunchScreen.storyboard;
			sourceTree = "<group>";
		};
/* End PBXVariantGroup section */

/* Begin XCBuildConfiguration section */
		C32E464B2AE95C7C00F41B93 /* Debug */ = {
			isa = XCBuildConfiguration;
			buildSettings = {
				ALWAYS_SEARCH_USER_PATHS = NO;
				CLANG_ANALYZER_NONNULL = YES;
				CLANG_ANALYZER_NUMBER_OBJECT_CONVERSION = YES_AGGRESSIVE;
				CLANG_CXX_LANGUAGE_STANDARD = "gnu++20";
				CLANG_ENABLE_MODULES = YES;
				CLANG_ENABLE_OBJC_ARC = YES;
				CLANG_ENABLE_OBJC_WEAK = YES;
				CLANG_WARN_BLOCK_CAPTURE_AUTORELEASING = YES;
				CLANG_WARN_BOOL_CONVERSION = YES;
				CLANG_WARN_COMMA = YES;
				CLANG_WARN_CONSTANT_CONVERSION = YES;
				CLANG_WARN_DEPRECATED_OBJC_IMPLEMENTATIONS = YES;
				CLANG_WARN_DIRECT_OBJC_ISA_USAGE = YES_ERROR;
				CLANG_WARN_DOCUMENTATION_COMMENTS = YES;
				CLANG_WARN_EMPTY_BODY = YES;
				CLANG_WARN_ENUM_CONVERSION = YES;
				CLANG_WARN_INFINITE_RECURSION = YES;
				CLANG_WARN_INT_CONVERSION = YES;
				CLANG_WARN_NON_LITERAL_NULL_CONVERSION = YES;
				CLANG_WARN_OBJC_IMPLICIT_RETAIN_SELF = YES;
				CLANG_WARN_OBJC_LITERAL_CONVERSION = YES;
				CLANG_WARN_OBJC_ROOT_CLASS = YES_ERROR;
				CLANG_WARN_QUOTED_INCLUDE_IN_FRAMEWORK_HEADER = YES;
				CLANG_WARN_RANGE_LOOP_ANALYSIS = YES;
				CLANG_WARN_STRICT_PROTOTYPES = YES;
				CLANG_WARN_SUSPICIOUS_MOVE = YES;
				CLANG_WARN_UNGUARDED_AVAILABILITY = YES_AGGRESSIVE;
				CLANG_WARN_UNREACHABLE_CODE = YES;
				CLANG_WARN__DUPLICATE_METHOD_MATCH = YES;
				COPY_PHASE_STRIP = NO;
				DEBUG_INFORMATION_FORMAT = dwarf;
				ENABLE_STRICT_OBJC_MSGSEND = YES;
				ENABLE_TESTABILITY = YES;
				GCC_C_LANGUAGE_STANDARD = gnu11;
				GCC_DYNAMIC_NO_PIC = NO;
				GCC_NO_COMMON_BLOCKS = YES;
				GCC_OPTIMIZATION_LEVEL = 0;
				GCC_PREPROCESSOR_DEFINITIONS = (
					"DEBUG=1",
					"$(inherited)",
				);
				GCC_WARN_64_TO_32_BIT_CONVERSION = YES;
				GCC_WARN_ABOUT_RETURN_TYPE = YES_ERROR;
				GCC_WARN_UNDECLARED_SELECTOR = YES;
				GCC_WARN_UNINITIALIZED_AUTOS = YES_AGGRESSIVE;
				GCC_WARN_UNUSED_FUNCTION = YES;
				GCC_WARN_UNUSED_VARIABLE = YES;
				IPHONEOS_DEPLOYMENT_TARGET = 16.4;
				MTL_ENABLE_DEBUG_INFO = INCLUDE_SOURCE;
				MTL_FAST_MATH = YES;
				ONLY_ACTIVE_ARCH = YES;
				SDKROOT = iphoneos;
				SWIFT_ACTIVE_COMPILATION_CONDITIONS = DEBUG;
				SWIFT_OPTIMIZATION_LEVEL = "-Onone";
			};
			name = Debug;
		};
		C32E464C2AE95C7C00F41B93 /* Release */ = {
			isa = XCBuildConfiguration;
			buildSettings = {
				ALWAYS_SEARCH_USER_PATHS = NO;
				CLANG_ANALYZER_NONNULL = YES;
				CLANG_ANALYZER_NUMBER_OBJECT_CONVERSION = YES_AGGRESSIVE;
				CLANG_CXX_LANGUAGE_STANDARD = "gnu++20";
				CLANG_ENABLE_MODULES = YES;
				CLANG_ENABLE_OBJC_ARC = YES;
				CLANG_ENABLE_OBJC_WEAK = YES;
				CLANG_WARN_BLOCK_CAPTURE_AUTORELEASING = YES;
				CLANG_WARN_BOOL_CONVERSION = YES;
				CLANG_WARN_COMMA = YES;
				CLANG_WARN_CONSTANT_CONVERSION = YES;
				CLANG_WARN_DEPRECATED_OBJC_IMPLEMENTATIONS = YES;
				CLANG_WARN_DIRECT_OBJC_ISA_USAGE = YES_ERROR;
				CLANG_WARN_DOCUMENTATION_COMMENTS = YES;
				CLANG_WARN_EMPTY_BODY = YES;
				CLANG_WARN_ENUM_CONVERSION = YES;
				CLANG_WARN_INFINITE_RECURSION = YES;
				CLANG_WARN_INT_CONVERSION = YES;
				CLANG_WARN_NON_LITERAL_NULL_CONVERSION = YES;
				CLANG_WARN_OBJC_IMPLICIT_RETAIN_SELF = YES;
				CLANG_WARN_OBJC_LITERAL_CONVERSION = YES;
				CLANG_WARN_OBJC_ROOT_CLASS = YES_ERROR;
				CLANG_WARN_QUOTED_INCLUDE_IN_FRAMEWORK_HEADER = YES;
				CLANG_WARN_RANGE_LOOP_ANALYSIS = YES;
				CLANG_WARN_STRICT_PROTOTYPES = YES;
				CLANG_WARN_SUSPICIOUS_MOVE = YES;
				CLANG_WARN_UNGUARDED_AVAILABILITY = YES_AGGRESSIVE;
				CLANG_WARN_UNREACHABLE_CODE = YES;
				CLANG_WARN__DUPLICATE_METHOD_MATCH = YES;
				COPY_PHASE_STRIP = NO;
				DEBUG_INFORMATION_FORMAT = "dwarf-with-dsym";
				ENABLE_NS_ASSERTIONS = NO;
				ENABLE_STRICT_OBJC_MSGSEND = YES;
				GCC_C_LANGUAGE_STANDARD = gnu11;
				GCC_NO_COMMON_BLOCKS = YES;
				GCC_WARN_64_TO_32_BIT_CONVERSION = YES;
				GCC_WARN_ABOUT_RETURN_TYPE = YES_ERROR;
				GCC_WARN_UNDECLARED_SELECTOR = YES;
				GCC_WARN_UNINITIALIZED_AUTOS = YES_AGGRESSIVE;
				GCC_WARN_UNUSED_FUNCTION = YES;
				GCC_WARN_UNUSED_VARIABLE = YES;
				IPHONEOS_DEPLOYMENT_TARGET = 16.4;
				MTL_ENABLE_DEBUG_INFO = NO;
				MTL_FAST_MATH = YES;
				SDKROOT = iphoneos;
				SWIFT_COMPILATION_MODE = wholemodule;
				SWIFT_OPTIMIZATION_LEVEL = "-O";
				VALIDATE_PRODUCT = YES;
			};
			name = Release;
		};
		C32E464E2AE95C7C00F41B93 /* Debug */ = {
			isa = XCBuildConfiguration;
			buildSettings = {
				ASSETCATALOG_COMPILER_APPICON_NAME = AppIcon;
				ASSETCATALOG_COMPILER_GLOBAL_ACCENT_COLOR_NAME = AccentColor;
				CODE_SIGN_STYLE = Automatic;
				CURRENT_PROJECT_VERSION = 1;
				DEVELOPMENT_TEAM = 5YZ2DZZ6ZL;
				GENERATE_INFOPLIST_FILE = YES;
				INFOPLIST_FILE = APIproject/Info.plist;
				INFOPLIST_KEY_UIApplicationSupportsIndirectInputEvents = YES;
				INFOPLIST_KEY_UILaunchStoryboardName = LaunchScreen;
				INFOPLIST_KEY_UIMainStoryboardFile = Main;
				INFOPLIST_KEY_UISupportedInterfaceOrientations_iPad = "UIInterfaceOrientationPortrait UIInterfaceOrientationPortraitUpsideDown UIInterfaceOrientationLandscapeLeft UIInterfaceOrientationLandscapeRight";
				INFOPLIST_KEY_UISupportedInterfaceOrientations_iPhone = "UIInterfaceOrientationPortrait UIInterfaceOrientationLandscapeLeft UIInterfaceOrientationLandscapeRight";
				LD_RUNPATH_SEARCH_PATHS = (
					"$(inherited)",
					"@executable_path/Frameworks",
				);
				MARKETING_VERSION = 1.0;
				PRODUCT_BUNDLE_IDENTIFIER = com.EverettBrothers.APIproject;
				PRODUCT_NAME = "$(TARGET_NAME)";
				SWIFT_EMIT_LOC_STRINGS = YES;
				SWIFT_VERSION = 5.0;
				TARGETED_DEVICE_FAMILY = "1,2";
			};
			name = Debug;
		};
		C32E464F2AE95C7C00F41B93 /* Release */ = {
			isa = XCBuildConfiguration;
			buildSettings = {
				ASSETCATALOG_COMPILER_APPICON_NAME = AppIcon;
				ASSETCATALOG_COMPILER_GLOBAL_ACCENT_COLOR_NAME = AccentColor;
				CODE_SIGN_STYLE = Automatic;
				CURRENT_PROJECT_VERSION = 1;
				DEVELOPMENT_TEAM = 5YZ2DZZ6ZL;
				GENERATE_INFOPLIST_FILE = YES;
				INFOPLIST_FILE = APIproject/Info.plist;
				INFOPLIST_KEY_UIApplicationSupportsIndirectInputEvents = YES;
				INFOPLIST_KEY_UILaunchStoryboardName = LaunchScreen;
				INFOPLIST_KEY_UIMainStoryboardFile = Main;
				INFOPLIST_KEY_UISupportedInterfaceOrientations_iPad = "UIInterfaceOrientationPortrait UIInterfaceOrientationPortraitUpsideDown UIInterfaceOrientationLandscapeLeft UIInterfaceOrientationLandscapeRight";
				INFOPLIST_KEY_UISupportedInterfaceOrientations_iPhone = "UIInterfaceOrientationPortrait UIInterfaceOrientationLandscapeLeft UIInterfaceOrientationLandscapeRight";
				LD_RUNPATH_SEARCH_PATHS = (
					"$(inherited)",
					"@executable_path/Frameworks",
				);
				MARKETING_VERSION = 1.0;
				PRODUCT_BUNDLE_IDENTIFIER = com.EverettBrothers.APIproject;
				PRODUCT_NAME = "$(TARGET_NAME)";
				SWIFT_EMIT_LOC_STRINGS = YES;
				SWIFT_VERSION = 5.0;
				TARGETED_DEVICE_FAMILY = "1,2";
			};
			name = Release;
		};
/* End XCBuildConfiguration section */

/* Begin XCConfigurationList section */
		C32E46342AE95C7A00F41B93 /* Build configuration list for PBXProject "APIproject" */ = {
			isa = XCConfigurationList;
			buildConfigurations = (
				C32E464B2AE95C7C00F41B93 /* Debug */,
				C32E464C2AE95C7C00F41B93 /* Release */,
			);
			defaultConfigurationIsVisible = 0;
			defaultConfigurationName = Release;
		};
		C32E464D2AE95C7C00F41B93 /* Build configuration list for PBXNativeTarget "APIproject" */ = {
			isa = XCConfigurationList;
			buildConfigurations = (
				C32E464E2AE95C7C00F41B93 /* Debug */,
				C32E464F2AE95C7C00F41B93 /* Release */,
			);
			defaultConfigurationIsVisible = 0;
			defaultConfigurationName = Release;
		};
/* End XCConfigurationList section */
	};
	rootObject = C32E46312AE95C7A00F41B93 /* Project object */;
}
